<?xml version="1.0" encoding="UTF-8" standalone="yes" ?>
<CodeBlocks_project_file>
	<FileVersion major="1" minor="6" />
	<Project>
		<Option title="robot" />
		<Option pch_mode="2" />
		<Option default_target="Release" />
		<Option compiler="gcc" />
		<Build>
			<Target title="Debug">
				<Option output="bin/Debug/Robot" prefix_auto="1" extension_auto="1" />
				<Option object_output="obj/Debug/" />
				<Option type="1" />
				<Option compiler="gcc" />
				<Option parameters="lidar" />
				<Compiler>
					<Add option="-g" />
					<Add option="-std=gnu++0x" />
					<Add directory="include" />
					<Add directory="src" />
					<Add directory="dependencies/include" />
				</Compiler>
				<Linker>
					<Add library="wiringPi" />
					<Add library="ncurses" />
					<Add library="boost_system" />
					<Add library="pthread" />
					<Add library="rplidar_sdk" />
					<Add directory="dependencies/lib" />
				</Linker>
			</Target>
			<Target title="Release">
				<Option output="bin/Release/Robot" prefix_auto="1" extension_auto="1" />
				<Option object_output="obj/Release/" />
				<Option type="1" />
				<Option compiler="gcc" />
				<Option parameters="10.0.0.29" />
				<Compiler>
					<Add option="-O2" />
					<Add directory="include" />
				</Compiler>
				<Linker>
					<Add option="-s" />
				</Linker>
			</Target>
		</Build>
		<Compiler>
			<Add option="-Wall" />
			<Add option="-fexceptions" />
		</Compiler>
		<Unit filename="README.md" />
		<Unit filename="include/ClientManager.h" />
		<Unit filename="include/FaceTargetPerceptron.h" />
		<Unit filename="include/InputProcessor.h" />
		<Unit filename="include/LidarManager.h" />
		<Unit filename="include/NavigationCoordinator.h" />
		<Unit filename="include/NavigationParameter.h" />
		<Unit filename="include/RelayServer.h" />
		<Unit filename="include/RobotCommunicationManager.h" />
		<Unit filename="include/RobotConnection.h" />
		<Unit filename="main.cpp" />
		<Unit filename="src/ClientManager.cpp" />
		<Unit filename="src/FaceTargetPerceptron.cpp" />
		<Unit filename="src/InputProcessor.cpp" />
		<Unit filename="src/LidarManager.cpp" />
		<Unit filename="src/NavigationCoordinator.cpp" />
		<Unit filename="src/RelayServer.cpp" />
		<Unit filename="src/RobotCommunicationManager.cpp" />
		<Unit filename="src/RobotConnection.cpp" />
		<Extensions>
			<code_completion />
			<debugger />
		</Extensions>
	</Project>
</CodeBlocks_project_file>
